
Microsoft Visual Studio Solution File, Format Version 12.00
# Visual Studio Version 16
VisualStudioVersion = 16.0.30011.22
MinimumVisualStudioVersion = 10.0.40219.1
Project("{FAE04EC0-301F-11D3-BF4B-00C04F79EFBC}") = "Looping", "Looping\Looping.csproj", "{1F593BB6-AAEF-4EA8-BFCE-C6C18A066D95}"
EndProject
Global
	GlobalSection(SolutionConfigurationPlatforms) = preSolution
		Debug|Any CPU = Debug|Any CPU
		Release|Any CPU = Release|Any CPU
	EndGlobalSection
	GlobalSection(ProjectConfigurationPlatforms) = postSolution
		{1F593BB6-AAEF-4EA8-BFCE-C6C18A066D95}.Debug|Any CPU.ActiveCfg = Debug|Any CPU
		{1F593BB6-AAEF-4EA8-BFCE-C6C18A066D95}.Debug|Any CPU.Build.0 = Debug|Any CPU
		{1F593BB6-AAEF-4EA8-BFCE-C6C18A066D95}.Release|Any CPU.ActiveCfg = Release|Any CPU
		{1F593BB6-AAEF-4EA8-BFCE-C6C18A066D95}.Release|Any CPU.Build.0 = Release|Any CPU
	EndGlobalSection
	GlobalSection(SolutionProperties) = preSolution
		HideSolutionNode = FALSE
	EndGlobalSection
	GlobalSection(ExtensibilityGlobals) = postSolution
		SolutionGuid = {E08983B0-777D-4395-944B-1E4A2E1CBE9F}
	EndGlobalSection
EndGlobal
